// !$*UTF8*$!
{
	archiveVersion = 1;
	classes = {
	};
	objectVersion = 48;
	objects = {

/* Begin PBXBuildFile section */
		2727A6AC1F930FE70045DC8F /* LoginViewController.swift in Sources */ = {isa = PBXBuildFile; fileRef = 2727A6AB1F930FE70045DC8F /* LoginViewController.swift */; };
		2727A6AE1F9310060045DC8F /* RegisterViewController.swift in Sources */ = {isa = PBXBuildFile; fileRef = 2727A6AD1F9310060045DC8F /* RegisterViewController.swift */; };
		2727A6B01F9310280045DC8F /* ProfileViewController.swift in Sources */ = {isa = PBXBuildFile; fileRef = 2727A6AF1F9310280045DC8F /* ProfileViewController.swift */; };
		2727A6B21F9312B00045DC8F /* GoogleService-Info.plist in Resources */ = {isa = PBXBuildFile; fileRef = 2727A6B11F93113A0045DC8F /* GoogleService-Info.plist */; };
		27A5000A1F92F2DC0050AACF /* BearTests.swift in Sources */ = {isa = PBXBuildFile; fileRef = 27A500091F92F2DC0050AACF /* BearTests.swift */; };
		27A500151F92F2DC0050AACF /* BearUITests.swift in Sources */ = {isa = PBXBuildFile; fileRef = 27A500141F92F2DC0050AACF /* BearUITests.swift */; };
		27A5FFF51F92F2DB0050AACF /* AppDelegate.swift in Sources */ = {isa = PBXBuildFile; fileRef = 27A5FFF41F92F2DB0050AACF /* AppDelegate.swift */; };
		27A5FFF71F92F2DB0050AACF /* ViewController.swift in Sources */ = {isa = PBXBuildFile; fileRef = 27A5FFF61F92F2DB0050AACF /* ViewController.swift */; };
		27A5FFFA1F92F2DB0050AACF /* Main.storyboard in Resources */ = {isa = PBXBuildFile; fileRef = 27A5FFF81F92F2DB0050AACF /* Main.storyboard */; };
		27A5FFFC1F92F2DB0050AACF /* Assets.xcassets in Resources */ = {isa = PBXBuildFile; fileRef = 27A5FFFB1F92F2DB0050AACF /* Assets.xcassets */; };
		27A5FFFF1F92F2DB0050AACF /* LaunchScreen.storyboard in Resources */ = {isa = PBXBuildFile; fileRef = 27A5FFFD1F92F2DB0050AACF /* LaunchScreen.storyboard */; };
		27AA06BB1FB794A300833A56 /* NewsfeedTableViewController.swift in Sources */ = {isa = PBXBuildFile; fileRef = 27AA06BA1FB794A300833A56 /* NewsfeedTableViewController.swift */; };
		27AA06BD1FB794A900833A56 /* Post.swift in Sources */ = {isa = PBXBuildFile; fileRef = 27AA06BC1FB794A900833A56 /* Post.swift */; };
		27AA06BF1FB794AD00833A56 /* PostCell.swift in Sources */ = {isa = PBXBuildFile; fileRef = 27AA06BE1FB794AD00833A56 /* PostCell.swift */; };
		27AA06C11FB794B200833A56 /* PostHeaderCell.swift in Sources */ = {isa = PBXBuildFile; fileRef = 27AA06C01FB794B200833A56 /* PostHeaderCell.swift */; };
		27AA06C31FB794B600833A56 /* Users.swift in Sources */ = {isa = PBXBuildFile; fileRef = 27AA06C21FB794B600833A56 /* Users.swift */; };
		27C262921F96CCC800840E1C /* NameEditViewController.swift in Sources */ = {isa = PBXBuildFile; fileRef = 27C262911F96CCC800840E1C /* NameEditViewController.swift */; };
		27C262941F96DCC800840E1C /* MpaViewController.swift in Sources */ = {isa = PBXBuildFile; fileRef = 27C262931F96DCC800840E1C /* MpaViewController.swift */; };
		27C262961F96DEDF00840E1C /* MapViewExtension.swift in Sources */ = {isa = PBXBuildFile; fileRef = 27C262951F96DEDF00840E1C /* MapViewExtension.swift */; };
		27C262981F96DF5D00840E1C /* Message.swift in Sources */ = {isa = PBXBuildFile; fileRef = 27C262971F96DF5D00840E1C /* Message.swift */; };
		2A61A96CAAF87894EC66E183 /* Pods_Bear.framework in Frameworks */ = {isa = PBXBuildFile; fileRef = C85BA762C3C3B7CD61BF136A /* Pods_Bear.framework */; };
		477BE5EA1FB5DE0800A08ABF /* HoshiTextField.swift in Sources */ = {isa = PBXBuildFile; fileRef = 477BE5E71FB5DE0700A08ABF /* HoshiTextField.swift */; };
		477BE5EB1FB5DE0800A08ABF /* CustomButton.swift in Sources */ = {isa = PBXBuildFile; fileRef = 477BE5E81FB5DE0700A08ABF /* CustomButton.swift */; };
		477BE5EC1FB5DE0800A08ABF /* TextFieldEffects.swift in Sources */ = {isa = PBXBuildFile; fileRef = 477BE5E91FB5DE0700A08ABF /* TextFieldEffects.swift */; };
		477BE5F01FB5DE3C00A08ABF /* FriendViewController.swift in Sources */ = {isa = PBXBuildFile; fileRef = 477BE5ED1FB5DE3C00A08ABF /* FriendViewController.swift */; };
		477BE5F11FB5DE3C00A08ABF /* UserItem.swift in Sources */ = {isa = PBXBuildFile; fileRef = 477BE5EE1FB5DE3C00A08ABF /* UserItem.swift */; };
		477BE5F21FB5DE3C00A08ABF /* FriendTableViewController.swift in Sources */ = {isa = PBXBuildFile; fileRef = 477BE5EF1FB5DE3C00A08ABF /* FriendTableViewController.swift */; };
		477BE5F61FB5DFA800A08ABF /* User.swift in Sources */ = {isa = PBXBuildFile; fileRef = 477BE5F51FB5DFA700A08ABF /* User.swift */; };
		477BE5F81FB5DFF000A08ABF /* ChatMessage.swift in Sources */ = {isa = PBXBuildFile; fileRef = 477BE5F71FB5DFF000A08ABF /* ChatMessage.swift */; };
		477BE5FA1FB5DFFF00A08ABF /* ChatController.swift in Sources */ = {isa = PBXBuildFile; fileRef = 477BE5F91FB5DFFF00A08ABF /* ChatController.swift */; };
		477BE5FD1FB5E02600A08ABF /* UserCell.swift in Sources */ = {isa = PBXBuildFile; fileRef = 477BE5FB1FB5E02500A08ABF /* UserCell.swift */; };
		477BE5FE1FB5E02600A08ABF /* ChatMessageCell.swift in Sources */ = {isa = PBXBuildFile; fileRef = 477BE5FC1FB5E02600A08ABF /* ChatMessageCell.swift */; };
		477BE6001FB5E03300A08ABF /* Extensions.swift in Sources */ = {isa = PBXBuildFile; fileRef = 477BE5FF1FB5E03300A08ABF /* Extensions.swift */; };
		477BE6021FB5E70300A08ABF /* FriendsTableViewController.swift in Sources */ = {isa = PBXBuildFile; fileRef = 477BE6011FB5E70300A08ABF /* FriendsTableViewController.swift */; };
		477BE6041FB5E72D00A08ABF /* MessagesController.swift in Sources */ = {isa = PBXBuildFile; fileRef = 477BE6031FB5E72D00A08ABF /* MessagesController.swift */; };
		47B0719E1FBC2846000DEE09 /* PostViewController.swift in Sources */ = {isa = PBXBuildFile; fileRef = 47B0719D1FBC2846000DEE09 /* PostViewController.swift */; };
/* End PBXBuildFile section */

/* Begin PBXContainerItemProxy section */
		27A500061F92F2DC0050AACF /* PBXContainerItemProxy */ = {
			isa = PBXContainerItemProxy;
			containerPortal = 27A5FFE91F92F2DB0050AACF /* Project object */;
			proxyType = 1;
			remoteGlobalIDString = 27A5FFF01F92F2DB0050AACF;
			remoteInfo = Bear;
		};
		27A500111F92F2DC0050AACF /* PBXContainerItemProxy */ = {
			isa = PBXContainerItemProxy;
			containerPortal = 27A5FFE91F92F2DB0050AACF /* Project object */;
			proxyType = 1;
			remoteGlobalIDString = 27A5FFF01F92F2DB0050AACF;
			remoteInfo = Bear;
		};
/* End PBXContainerItemProxy section */

/* Begin PBXFileReference section */
		2727A6AB1F930FE70045DC8F /* LoginViewController.swift */ = {isa = PBXFileReference; lastKnownFileType = sourcecode.swift; path = LoginViewController.swift; sourceTree = "<group>"; };
		2727A6AD1F9310060045DC8F /* RegisterViewController.swift */ = {isa = PBXFileReference; lastKnownFileType = sourcecode.swift; path = RegisterViewController.swift; sourceTree = "<group>"; };
		2727A6AF1F9310280045DC8F /* ProfileViewController.swift */ = {isa = PBXFileReference; lastKnownFileType = sourcecode.swift; path = ProfileViewController.swift; sourceTree = "<group>"; };
		2727A6B11F93113A0045DC8F /* GoogleService-Info.plist */ = {isa = PBXFileReference; lastKnownFileType = text.plist.xml; path = "GoogleService-Info.plist"; sourceTree = "<group>"; };
		27A500001F92F2DB0050AACF /* Info.plist */ = {isa = PBXFileReference; lastKnownFileType = text.plist.xml; path = Info.plist; sourceTree = "<group>"; };
		27A500051F92F2DC0050AACF /* BearTests.xctest */ = {isa = PBXFileReference; explicitFileType = wrapper.cfbundle; includeInIndex = 0; path = BearTests.xctest; sourceTree = BUILT_PRODUCTS_DIR; };
		27A500091F92F2DC0050AACF /* BearTests.swift */ = {isa = PBXFileReference; lastKnownFileType = sourcecode.swift; path = BearTests.swift; sourceTree = "<group>"; };
		27A5000B1F92F2DC0050AACF /* Info.plist */ = {isa = PBXFileReference; lastKnownFileType = text.plist.xml; path = Info.plist; sourceTree = "<group>"; };
		27A500101F92F2DC0050AACF /* BearUITests.xctest */ = {isa = PBXFileReference; explicitFileType = wrapper.cfbundle; includeInIndex = 0; path = BearUITests.xctest; sourceTree = BUILT_PRODUCTS_DIR; };
		27A500141F92F2DC0050AACF /* BearUITests.swift */ = {isa = PBXFileReference; lastKnownFileType = sourcecode.swift; path = BearUITests.swift; sourceTree = "<group>"; };
		27A500161F92F2DC0050AACF /* Info.plist */ = {isa = PBXFileReference; lastKnownFileType = text.plist.xml; path = Info.plist; sourceTree = "<group>"; };
		27A5FFF11F92F2DB0050AACF /* Bear.app */ = {isa = PBXFileReference; explicitFileType = wrapper.application; includeInIndex = 0; path = Bear.app; sourceTree = BUILT_PRODUCTS_DIR; };
		27A5FFF41F92F2DB0050AACF /* AppDelegate.swift */ = {isa = PBXFileReference; lastKnownFileType = sourcecode.swift; path = AppDelegate.swift; sourceTree = "<group>"; };
		27A5FFF61F92F2DB0050AACF /* ViewController.swift */ = {isa = PBXFileReference; lastKnownFileType = sourcecode.swift; path = ViewController.swift; sourceTree = "<group>"; };
		27A5FFF91F92F2DB0050AACF /* Base */ = {isa = PBXFileReference; lastKnownFileType = file.storyboard; name = Base; path = Base.lproj/Main.storyboard; sourceTree = "<group>"; };
		27A5FFFB1F92F2DB0050AACF /* Assets.xcassets */ = {isa = PBXFileReference; lastKnownFileType = folder.assetcatalog; path = Assets.xcassets; sourceTree = "<group>"; };
		27A5FFFE1F92F2DB0050AACF /* Base */ = {isa = PBXFileReference; lastKnownFileType = file.storyboard; name = Base; path = Base.lproj/LaunchScreen.storyboard; sourceTree = "<group>"; };
		27AA06BA1FB794A300833A56 /* NewsfeedTableViewController.swift */ = {isa = PBXFileReference; fileEncoding = 4; lastKnownFileType = sourcecode.swift; path = NewsfeedTableViewController.swift; sourceTree = "<group>"; };
		27AA06BC1FB794A900833A56 /* Post.swift */ = {isa = PBXFileReference; fileEncoding = 4; lastKnownFileType = sourcecode.swift; path = Post.swift; sourceTree = "<group>"; };
		27AA06BE1FB794AD00833A56 /* PostCell.swift */ = {isa = PBXFileReference; fileEncoding = 4; lastKnownFileType = sourcecode.swift; path = PostCell.swift; sourceTree = "<group>"; };
		27AA06C01FB794B200833A56 /* PostHeaderCell.swift */ = {isa = PBXFileReference; fileEncoding = 4; lastKnownFileType = sourcecode.swift; path = PostHeaderCell.swift; sourceTree = "<group>"; };
		27AA06C21FB794B600833A56 /* Users.swift */ = {isa = PBXFileReference; fileEncoding = 4; lastKnownFileType = sourcecode.swift; path = Users.swift; sourceTree = "<group>"; };
		27C262911F96CCC800840E1C /* NameEditViewController.swift */ = {isa = PBXFileReference; lastKnownFileType = sourcecode.swift; path = NameEditViewController.swift; sourceTree = "<group>"; };
		27C262931F96DCC800840E1C /* MpaViewController.swift */ = {isa = PBXFileReference; lastKnownFileType = sourcecode.swift; path = MpaViewController.swift; sourceTree = "<group>"; };
		27C262951F96DEDF00840E1C /* MapViewExtension.swift */ = {isa = PBXFileReference; lastKnownFileType = sourcecode.swift; path = MapViewExtension.swift; sourceTree = "<group>"; };
		27C262971F96DF5D00840E1C /* Message.swift */ = {isa = PBXFileReference; lastKnownFileType = sourcecode.swift; path = Message.swift; sourceTree = "<group>"; };
		3B00F1F51745FEA3E2DC42C6 /* Pods-Bear.debug.xcconfig */ = {isa = PBXFileReference; includeInIndex = 1; lastKnownFileType = text.xcconfig; name = "Pods-Bear.debug.xcconfig"; path = "Pods/Target Support Files/Pods-Bear/Pods-Bear.debug.xcconfig"; sourceTree = "<group>"; };
		477BE5E71FB5DE0700A08ABF /* HoshiTextField.swift */ = {isa = PBXFileReference; fileEncoding = 4; lastKnownFileType = sourcecode.swift; path = HoshiTextField.swift; sourceTree = "<group>"; };
		477BE5E81FB5DE0700A08ABF /* CustomButton.swift */ = {isa = PBXFileReference; fileEncoding = 4; lastKnownFileType = sourcecode.swift; path = CustomButton.swift; sourceTree = "<group>"; };
		477BE5E91FB5DE0700A08ABF /* TextFieldEffects.swift */ = {isa = PBXFileReference; fileEncoding = 4; lastKnownFileType = sourcecode.swift; path = TextFieldEffects.swift; sourceTree = "<group>"; };
		477BE5ED1FB5DE3C00A08ABF /* FriendViewController.swift */ = {isa = PBXFileReference; fileEncoding = 4; lastKnownFileType = sourcecode.swift; path = FriendViewController.swift; sourceTree = "<group>"; };
		477BE5EE1FB5DE3C00A08ABF /* UserItem.swift */ = {isa = PBXFileReference; fileEncoding = 4; lastKnownFileType = sourcecode.swift; path = UserItem.swift; sourceTree = "<group>"; };
		477BE5EF1FB5DE3C00A08ABF /* FriendTableViewController.swift */ = {isa = PBXFileReference; fileEncoding = 4; lastKnownFileType = sourcecode.swift; path = FriendTableViewController.swift; sourceTree = "<group>"; };
		477BE5F51FB5DFA700A08ABF /* User.swift */ = {isa = PBXFileReference; fileEncoding = 4; lastKnownFileType = sourcecode.swift; path = User.swift; sourceTree = "<group>"; };
		477BE5F71FB5DFF000A08ABF /* ChatMessage.swift */ = {isa = PBXFileReference; fileEncoding = 4; lastKnownFileType = sourcecode.swift; path = ChatMessage.swift; sourceTree = "<group>"; };
		477BE5F91FB5DFFF00A08ABF /* ChatController.swift */ = {isa = PBXFileReference; fileEncoding = 4; lastKnownFileType = sourcecode.swift; path = ChatController.swift; sourceTree = "<group>"; };
		477BE5FB1FB5E02500A08ABF /* UserCell.swift */ = {isa = PBXFileReference; fileEncoding = 4; lastKnownFileType = sourcecode.swift; path = UserCell.swift; sourceTree = "<group>"; };
		477BE5FC1FB5E02600A08ABF /* ChatMessageCell.swift */ = {isa = PBXFileReference; fileEncoding = 4; lastKnownFileType = sourcecode.swift; path = ChatMessageCell.swift; sourceTree = "<group>"; };
		477BE5FF1FB5E03300A08ABF /* Extensions.swift */ = {isa = PBXFileReference; fileEncoding = 4; lastKnownFileType = sourcecode.swift; path = Extensions.swift; sourceTree = "<group>"; };
		477BE6011FB5E70300A08ABF /* FriendsTableViewController.swift */ = {isa = PBXFileReference; fileEncoding = 4; lastKnownFileType = sourcecode.swift; path = FriendsTableViewController.swift; sourceTree = "<group>"; };
		477BE6031FB5E72D00A08ABF /* MessagesController.swift */ = {isa = PBXFileReference; fileEncoding = 4; lastKnownFileType = sourcecode.swift; path = MessagesController.swift; sourceTree = "<group>"; };
		47B0719D1FBC2846000DEE09 /* PostViewController.swift */ = {isa = PBXFileReference; lastKnownFileType = sourcecode.swift; path = PostViewController.swift; sourceTree = "<group>"; };
		C85BA762C3C3B7CD61BF136A /* Pods_Bear.framework */ = {isa = PBXFileReference; explicitFileType = wrapper.framework; includeInIndex = 0; path = Pods_Bear.framework; sourceTree = BUILT_PRODUCTS_DIR; };
		D5C2F3E72A0832E5858F5922 /* Pods-Bear.release.xcconfig */ = {isa = PBXFileReference; includeInIndex = 1; lastKnownFileType = text.xcconfig; name = "Pods-Bear.release.xcconfig"; path = "Pods/Target Support Files/Pods-Bear/Pods-Bear.release.xcconfig"; sourceTree = "<group>"; };
/* End PBXFileReference section */

/* Begin PBXFrameworksBuildPhase section */
		27A500021F92F2DC0050AACF /* Frameworks */ = {
			isa = PBXFrameworksBuildPhase;
			buildActionMask = 2147483647;
			files = (
			);
			runOnlyForDeploymentPostprocessing = 0;
		};
		27A5000D1F92F2DC0050AACF /* Frameworks */ = {
			isa = PBXFrameworksBuildPhase;
			buildActionMask = 2147483647;
			files = (
			);
			runOnlyForDeploymentPostprocessing = 0;
		};
		27A5FFEE1F92F2DB0050AACF /* Frameworks */ = {
			isa = PBXFrameworksBuildPhase;
			buildActionMask = 2147483647;
			files = (
				2A61A96CAAF87894EC66E183 /* Pods_Bear.framework in Frameworks */,
			);
			runOnlyForDeploymentPostprocessing = 0;
		};
/* End PBXFrameworksBuildPhase section */

/* Begin PBXGroup section */
		2727A6AA1F930FD20045DC8F /* Controller */ = {
			isa = PBXGroup;
			children = (
				27AA06B91FB7942C00833A56 /* Posting */,
				477BE5E61FB5DE0700A08ABF /* New Group */,
				2727A6AB1F930FE70045DC8F /* LoginViewController.swift */,
				2727A6AD1F9310060045DC8F /* RegisterViewController.swift */,
				477BE6031FB5E72D00A08ABF /* MessagesController.swift */,
				477BE6011FB5E70300A08ABF /* FriendsTableViewController.swift */,
				27C262911F96CCC800840E1C /* NameEditViewController.swift */,
				2727A6AF1F9310280045DC8F /* ProfileViewController.swift */,
				27C262931F96DCC800840E1C /* MpaViewController.swift */,
				27C262951F96DEDF00840E1C /* MapViewExtension.swift */,
				27C262971F96DF5D00840E1C /* Message.swift */,
				477BE5EF1FB5DE3C00A08ABF /* FriendTableViewController.swift */,
				477BE5ED1FB5DE3C00A08ABF /* FriendViewController.swift */,
				477BE5EE1FB5DE3C00A08ABF /* UserItem.swift */,
				477BE5F91FB5DFFF00A08ABF /* ChatController.swift */,
				47B0719D1FBC2846000DEE09 /* PostViewController.swift */,
			);
			path = Controller;
			sourceTree = "<group>";
		};
		27A500081F92F2DC0050AACF /* BearTests */ = {
			isa = PBXGroup;
			children = (
				27A500091F92F2DC0050AACF /* BearTests.swift */,
				27A5000B1F92F2DC0050AACF /* Info.plist */,
			);
			path = BearTests;
			sourceTree = "<group>";
		};
		27A500131F92F2DC0050AACF /* BearUITests */ = {
			isa = PBXGroup;
			children = (
				27A500141F92F2DC0050AACF /* BearUITests.swift */,
				27A500161F92F2DC0050AACF /* Info.plist */,
			);
			path = BearUITests;
			sourceTree = "<group>";
		};
		27A5FFE81F92F2DB0050AACF = {
			isa = PBXGroup;
			children = (
				2727A6B11F93113A0045DC8F /* GoogleService-Info.plist */,
				2727A6AA1F930FD20045DC8F /* Controller */,
				27A5FFF31F92F2DB0050AACF /* Bear */,
				27A500081F92F2DC0050AACF /* BearTests */,
				27A500131F92F2DC0050AACF /* BearUITests */,
				27A5FFF21F92F2DB0050AACF /* Products */,
				8F57A6E23F2FBAEBDA383691 /* Pods */,
				D2E4EAB0C9BF6777C55DDBBE /* Frameworks */,
			);
			sourceTree = "<group>";
		};
		27A5FFF21F92F2DB0050AACF /* Products */ = {
			isa = PBXGroup;
			children = (
				27A5FFF11F92F2DB0050AACF /* Bear.app */,
				27A500051F92F2DC0050AACF /* BearTests.xctest */,
				27A500101F92F2DC0050AACF /* BearUITests.xctest */,
			);
			name = Products;
			sourceTree = "<group>";
		};
		27A5FFF31F92F2DB0050AACF /* Bear */ = {
			isa = PBXGroup;
			children = (
				27A5FFF41F92F2DB0050AACF /* AppDelegate.swift */,
				27A5FFF61F92F2DB0050AACF /* ViewController.swift */,
				27A5FFF81F92F2DB0050AACF /* Main.storyboard */,
				27A5FFFB1F92F2DB0050AACF /* Assets.xcassets */,
				27A5FFFD1F92F2DB0050AACF /* LaunchScreen.storyboard */,
				27A500001F92F2DB0050AACF /* Info.plist */,
			);
			path = Bear;
			sourceTree = "<group>";
		};
		27AA06B91FB7942C00833A56 /* Posting */ = {
			isa = PBXGroup;
			children = (
				27AA06C21FB794B600833A56 /* Users.swift */,
				27AA06C01FB794B200833A56 /* PostHeaderCell.swift */,
				27AA06BE1FB794AD00833A56 /* PostCell.swift */,
				27AA06BA1FB794A300833A56 /* NewsfeedTableViewController.swift */,
				27AA06BC1FB794A900833A56 /* Post.swift */,
			);
			path = Posting;
			sourceTree = "<group>";
		};
		477BE5E61FB5DE0700A08ABF /* New Group */ = {
			isa = PBXGroup;
			children = (
				477BE5FF1FB5E03300A08ABF /* Extensions.swift */,
				477BE5FC1FB5E02600A08ABF /* ChatMessageCell.swift */,
				477BE5FB1FB5E02500A08ABF /* UserCell.swift */,
				477BE5F71FB5DFF000A08ABF /* ChatMessage.swift */,
				477BE5F51FB5DFA700A08ABF /* User.swift */,
				477BE5E71FB5DE0700A08ABF /* HoshiTextField.swift */,
				477BE5E81FB5DE0700A08ABF /* CustomButton.swift */,
				477BE5E91FB5DE0700A08ABF /* TextFieldEffects.swift */,
			);
			path = "New Group";
			sourceTree = SOURCE_ROOT;
		};
		8F57A6E23F2FBAEBDA383691 /* Pods */ = {
			isa = PBXGroup;
			children = (
				3B00F1F51745FEA3E2DC42C6 /* Pods-Bear.debug.xcconfig */,
				D5C2F3E72A0832E5858F5922 /* Pods-Bear.release.xcconfig */,
			);
			name = Pods;
			sourceTree = "<group>";
		};
		D2E4EAB0C9BF6777C55DDBBE /* Frameworks */ = {
			isa = PBXGroup;
			children = (
				C85BA762C3C3B7CD61BF136A /* Pods_Bear.framework */,
			);
			name = Frameworks;
			sourceTree = "<group>";
		};
/* End PBXGroup section */

/* Begin PBXNativeTarget section */
		27A500041F92F2DC0050AACF /* BearTests */ = {
			isa = PBXNativeTarget;
			buildConfigurationList = 27A5001C1F92F2DC0050AACF /* Build configuration list for PBXNativeTarget "BearTests" */;
			buildPhases = (
				27A500011F92F2DC0050AACF /* Sources */,
				27A500021F92F2DC0050AACF /* Frameworks */,
				27A500031F92F2DC0050AACF /* Resources */,
			);
			buildRules = (
			);
			dependencies = (
				27A500071F92F2DC0050AACF /* PBXTargetDependency */,
			);
			name = BearTests;
			productName = BearTests;
			productReference = 27A500051F92F2DC0050AACF /* BearTests.xctest */;
			productType = "com.apple.product-type.bundle.unit-test";
		};
		27A5000F1F92F2DC0050AACF /* BearUITests */ = {
			isa = PBXNativeTarget;
			buildConfigurationList = 27A5001F1F92F2DC0050AACF /* Build configuration list for PBXNativeTarget "BearUITests" */;
			buildPhases = (
				27A5000C1F92F2DC0050AACF /* Sources */,
				27A5000D1F92F2DC0050AACF /* Frameworks */,
				27A5000E1F92F2DC0050AACF /* Resources */,
			);
			buildRules = (
			);
			dependencies = (
				27A500121F92F2DC0050AACF /* PBXTargetDependency */,
			);
			name = BearUITests;
			productName = BearUITests;
			productReference = 27A500101F92F2DC0050AACF /* BearUITests.xctest */;
			productType = "com.apple.product-type.bundle.ui-testing";
		};
		27A5FFF01F92F2DB0050AACF /* Bear */ = {
			isa = PBXNativeTarget;
			buildConfigurationList = 27A500191F92F2DC0050AACF /* Build configuration list for PBXNativeTarget "Bear" */;
			buildPhases = (
				C6E53CAA0ECC804E03104D7C /* [CP] Check Pods Manifest.lock */,
				27A5FFED1F92F2DB0050AACF /* Sources */,
				27A5FFEE1F92F2DB0050AACF /* Frameworks */,
				27A5FFEF1F92F2DB0050AACF /* Resources */,
				4835135F0580C69684E35456 /* [CP] Embed Pods Frameworks */,
				B0C69BAC480D7A45373408A6 /* [CP] Copy Pods Resources */,
			);
			buildRules = (
			);
			dependencies = (
			);
			name = Bear;
			productName = Bear;
			productReference = 27A5FFF11F92F2DB0050AACF /* Bear.app */;
			productType = "com.apple.product-type.application";
		};
/* End PBXNativeTarget section */

/* Begin PBXProject section */
		27A5FFE91F92F2DB0050AACF /* Project object */ = {
			isa = PBXProject;
			attributes = {
				LastSwiftUpdateCheck = 0900;
				LastUpgradeCheck = 0900;
				ORGANIZATIONNAME = "chengen Zheng";
				TargetAttributes = {
					27A500041F92F2DC0050AACF = {
						CreatedOnToolsVersion = 9.0;
						ProvisioningStyle = Automatic;
						TestTargetID = 27A5FFF01F92F2DB0050AACF;
					};
					27A5000F1F92F2DC0050AACF = {
						CreatedOnToolsVersion = 9.0;
						ProvisioningStyle = Automatic;
						TestTargetID = 27A5FFF01F92F2DB0050AACF;
					};
					27A5FFF01F92F2DB0050AACF = {
						CreatedOnToolsVersion = 9.0;
						ProvisioningStyle = Automatic;
					};
				};
			};
			buildConfigurationList = 27A5FFEC1F92F2DB0050AACF /* Build configuration list for PBXProject "Bear" */;
			compatibilityVersion = "Xcode 8.0";
			developmentRegion = en;
			hasScannedForEncodings = 0;
			knownRegions = (
				en,
				Base,
			);
			mainGroup = 27A5FFE81F92F2DB0050AACF;
			productRefGroup = 27A5FFF21F92F2DB0050AACF /* Products */;
			projectDirPath = "";
			projectRoot = "";
			targets = (
				27A5FFF01F92F2DB0050AACF /* Bear */,
				27A500041F92F2DC0050AACF /* BearTests */,
				27A5000F1F92F2DC0050AACF /* BearUITests */,
			);
		};
/* End PBXProject section */

/* Begin PBXResourcesBuildPhase section */
		27A500031F92F2DC0050AACF /* Resources */ = {
			isa = PBXResourcesBuildPhase;
			buildActionMask = 2147483647;
			files = (
			);
			runOnlyForDeploymentPostprocessing = 0;
		};
		27A5000E1F92F2DC0050AACF /* Resources */ = {
			isa = PBXResourcesBuildPhase;
			buildActionMask = 2147483647;
			files = (
			);
			runOnlyForDeploymentPostprocessing = 0;
		};
		27A5FFEF1F92F2DB0050AACF /* Resources */ = {
			isa = PBXResourcesBuildPhase;
			buildActionMask = 2147483647;
			files = (
				27A5FFFF1F92F2DB0050AACF /* LaunchScreen.storyboard in Resources */,
				2727A6B21F9312B00045DC8F /* GoogleService-Info.plist in Resources */,
				27A5FFFC1F92F2DB0050AACF /* Assets.xcassets in Resources */,
				27A5FFFA1F92F2DB0050AACF /* Main.storyboard in Resources */,
			);
			runOnlyForDeploymentPostprocessing = 0;
		};
/* End PBXResourcesBuildPhase section */

/* Begin PBXShellScriptBuildPhase section */
		4835135F0580C69684E35456 /* [CP] Embed Pods Frameworks */ = {
			isa = PBXShellScriptBuildPhase;
			buildActionMask = 2147483647;
			files = (
			);
			inputPaths = (
				"${SRCROOT}/Pods/Target Support Files/Pods-Bear/Pods-Bear-frameworks.sh",
				"${BUILT_PRODUCTS_DIR}/ChameleonFramework/ChameleonFramework.framework",
				"${BUILT_PRODUCTS_DIR}/GTMSessionFetcher/GTMSessionFetcher.framework",
				"${BUILT_PRODUCTS_DIR}/GoogleToolboxForMac/GoogleToolboxForMac.framework",
				"${BUILT_PRODUCTS_DIR}/Protobuf/Protobuf.framework",
				"${BUILT_PRODUCTS_DIR}/leveldb-library/leveldb.framework",
				"${BUILT_PRODUCTS_DIR}/nanopb/nanopb.framework",
			);
			name = "[CP] Embed Pods Frameworks";
			outputPaths = (
				"${TARGET_BUILD_DIR}/${FRAMEWORKS_FOLDER_PATH}/ChameleonFramework.framework",
				"${TARGET_BUILD_DIR}/${FRAMEWORKS_FOLDER_PATH}/GTMSessionFetcher.framework",
				"${TARGET_BUILD_DIR}/${FRAMEWORKS_FOLDER_PATH}/GoogleToolboxForMac.framework",
				"${TARGET_BUILD_DIR}/${FRAMEWORKS_FOLDER_PATH}/Protobuf.framework",
				"${TARGET_BUILD_DIR}/${FRAMEWORKS_FOLDER_PATH}/leveldb.framework",
				"${TARGET_BUILD_DIR}/${FRAMEWORKS_FOLDER_PATH}/nanopb.framework",
			);
			runOnlyForDeploymentPostprocessing = 0;
			shellPath = /bin/sh;
			shellScript = "\"${SRCROOT}/Pods/Target Support Files/Pods-Bear/Pods-Bear-frameworks.sh\"\n";
			showEnvVarsInLog = 0;
		};
		B0C69BAC480D7A45373408A6 /* [CP] Copy Pods Resources */ = {
			isa = PBXShellScriptBuildPhase;
			buildActionMask = 2147483647;
			files = (
			);
			inputPaths = (
			);
			name = "[CP] Copy Pods Resources";
			outputPaths = (
			);
			runOnlyForDeploymentPostprocessing = 0;
			shellPath = /bin/sh;
			shellScript = "\"${SRCROOT}/Pods/Target Support Files/Pods-Bear/Pods-Bear-resources.sh\"\n";
			showEnvVarsInLog = 0;
		};
		C6E53CAA0ECC804E03104D7C /* [CP] Check Pods Manifest.lock */ = {
			isa = PBXShellScriptBuildPhase;
			buildActionMask = 2147483647;
			files = (
			);
			inputPaths = (
				"${PODS_PODFILE_DIR_PATH}/Podfile.lock",
				"${PODS_ROOT}/Manifest.lock",
			);
			name = "[CP] Check Pods Manifest.lock";
			outputPaths = (
				"$(DERIVED_FILE_DIR)/Pods-Bear-checkManifestLockResult.txt",
			);
			runOnlyForDeploymentPostprocessing = 0;
			shellPath = /bin/sh;
			shellScript = "diff \"${PODS_PODFILE_DIR_PATH}/Podfile.lock\" \"${PODS_ROOT}/Manifest.lock\" > /dev/null\nif [ $? != 0 ] ; then\n    # print error to STDERR\n    echo \"error: The sandbox is not in sync with the Podfile.lock. Run 'pod install' or update your CocoaPods installation.\" >&2\n    exit 1\nfi\n# This output is used by Xcode 'outputs' to avoid re-running this script phase.\necho \"SUCCESS\" > \"${SCRIPT_OUTPUT_FILE_0}\"\n";
			showEnvVarsInLog = 0;
		};
/* End PBXShellScriptBuildPhase section */

/* Begin PBXSourcesBuildPhase section */
		27A500011F92F2DC0050AACF /* Sources */ = {
			isa = PBXSourcesBuildPhase;
			buildActionMask = 2147483647;
			files = (
				27A5000A1F92F2DC0050AACF /* BearTests.swift in Sources */,
			);
			runOnlyForDeploymentPostprocessing = 0;
		};
		27A5000C1F92F2DC0050AACF /* Sources */ = {
			isa = PBXSourcesBuildPhase;
			buildActionMask = 2147483647;
			files = (
				27A500151F92F2DC0050AACF /* BearUITests.swift in Sources */,
			);
			runOnlyForDeploymentPostprocessing = 0;
		};
		27A5FFED1F92F2DB0050AACF /* Sources */ = {
			isa = PBXSourcesBuildPhase;
			buildActionMask = 2147483647;
			files = (
				2727A6AC1F930FE70045DC8F /* LoginViewController.swift in Sources */,
				477BE5FE1FB5E02600A08ABF /* ChatMessageCell.swift in Sources */,
				27C262921F96CCC800840E1C /* NameEditViewController.swift in Sources */,
				2727A6B01F9310280045DC8F /* ProfileViewController.swift in Sources */,
				477BE5EB1FB5DE0800A08ABF /* CustomButton.swift in Sources */,
				477BE5F11FB5DE3C00A08ABF /* UserItem.swift in Sources */,
				27C262981F96DF5D00840E1C /* Message.swift in Sources */,
				27AA06C11FB794B200833A56 /* PostHeaderCell.swift in Sources */,
				477BE5FD1FB5E02600A08ABF /* UserCell.swift in Sources */,
				477BE5F61FB5DFA800A08ABF /* User.swift in Sources */,
				27AA06BD1FB794A900833A56 /* Post.swift in Sources */,
				27A5FFF71F92F2DB0050AACF /* ViewController.swift in Sources */,
				477BE5F81FB5DFF000A08ABF /* ChatMessage.swift in Sources */,
				27A5FFF51F92F2DB0050AACF /* AppDelegate.swift in Sources */,
				27AA06BB1FB794A300833A56 /* NewsfeedTableViewController.swift in Sources */,
				2727A6AE1F9310060045DC8F /* RegisterViewController.swift in Sources */,
				27AA06BF1FB794AD00833A56 /* PostCell.swift in Sources */,
				477BE6001FB5E03300A08ABF /* Extensions.swift in Sources */,
				477BE6021FB5E70300A08ABF /* FriendsTableViewController.swift in Sources */,
				27C262941F96DCC800840E1C /* MpaViewController.swift in Sources */,
				27AA06C31FB794B600833A56 /* Users.swift in Sources */,
				477BE5F01FB5DE3C00A08ABF /* FriendViewController.swift in Sources */,
				477BE5EA1FB5DE0800A08ABF /* HoshiTextField.swift in Sources */,
				27C262961F96DEDF00840E1C /* MapViewExtension.swift in Sources */,
				477BE6041FB5E72D00A08ABF /* MessagesController.swift in Sources */,
				477BE5EC1FB5DE0800A08ABF /* TextFieldEffects.swift in Sources */,
				477BE5F21FB5DE3C00A08ABF /* FriendTableViewController.swift in Sources */,
				477BE5FA1FB5DFFF00A08ABF /* ChatController.swift in Sources */,
				47B0719E1FBC2846000DEE09 /* PostViewController.swift in Sources */,
			);
			runOnlyForDeploymentPostprocessing = 0;
		};
/* End PBXSourcesBuildPhase section */

/* Begin PBXTargetDependency section */
		27A500071F92F2DC0050AACF /* PBXTargetDependency */ = {
			isa = PBXTargetDependency;
			target = 27A5FFF01F92F2DB0050AACF /* Bear */;
			targetProxy = 27A500061F92F2DC0050AACF /* PBXContainerItemProxy */;
		};
		27A500121F92F2DC0050AACF /* PBXTargetDependency */ = {
			isa = PBXTargetDependency;
			target = 27A5FFF01F92F2DB0050AACF /* Bear */;
			targetProxy = 27A500111F92F2DC0050AACF /* PBXContainerItemProxy */;
		};
/* End PBXTargetDependency section */

/* Begin PBXVariantGroup section */
		27A5FFF81F92F2DB0050AACF /* Main.storyboard */ = {
			isa = PBXVariantGroup;
			children = (
				27A5FFF91F92F2DB0050AACF /* Base */,
			);
			name = Main.storyboard;
			sourceTree = "<group>";
		};
		27A5FFFD1F92F2DB0050AACF /* LaunchScreen.storyboard */ = {
			isa = PBXVariantGroup;
			children = (
				27A5FFFE1F92F2DB0050AACF /* Base */,
			);
			name = LaunchScreen.storyboard;
			sourceTree = "<group>";
		};
/* End PBXVariantGroup section */

/* Begin XCBuildConfiguration section */
		27A500171F92F2DC0050AACF /* Debug */ = {
			isa = XCBuildConfiguration;
			buildSettings = {
				ALWAYS_SEARCH_USER_PATHS = NO;
				CLANG_ANALYZER_NONNULL = YES;
				CLANG_ANALYZER_NUMBER_OBJECT_CONVERSION = YES_AGGRESSIVE;
				CLANG_CXX_LANGUAGE_STANDARD = "gnu++14";
				CLANG_CXX_LIBRARY = "libc++";
				CLANG_ENABLE_MODULES = YES;
				CLANG_ENABLE_OBJC_ARC = YES;
				CLANG_WARN_BLOCK_CAPTURE_AUTORELEASING = YES;
				CLANG_WARN_BOOL_CONVERSION = YES;
				CLANG_WARN_COMMA = YES;
				CLANG_WARN_CONSTANT_CONVERSION = YES;
				CLANG_WARN_DIRECT_OBJC_ISA_USAGE = YES_ERROR;
				CLANG_WARN_DOCUMENTATION_COMMENTS = YES;
				CLANG_WARN_EMPTY_BODY = YES;
				CLANG_WARN_ENUM_CONVERSION = YES;
				CLANG_WARN_INFINITE_RECURSION = YES;
				CLANG_WARN_INT_CONVERSION = YES;
				CLANG_WARN_NON_LITERAL_NULL_CONVERSION = YES;
				CLANG_WARN_OBJC_LITERAL_CONVERSION = YES;
				CLANG_WARN_OBJC_ROOT_CLASS = YES_ERROR;
				CLANG_WARN_RANGE_LOOP_ANALYSIS = YES;
				CLANG_WARN_STRICT_PROTOTYPES = YES;
				CLANG_WARN_SUSPICIOUS_MOVE = YES;
				CLANG_WARN_UNGUARDED_AVAILABILITY = YES_AGGRESSIVE;
				CLANG_WARN_UNREACHABLE_CODE = YES;
				CLANG_WARN__DUPLICATE_METHOD_MATCH = YES;
				CODE_SIGN_IDENTITY = "iPhone Developer";
				COPY_PHASE_STRIP = NO;
				DEBUG_INFORMATION_FORMAT = dwarf;
				ENABLE_STRICT_OBJC_MSGSEND = YES;
				ENABLE_TESTABILITY = YES;
				GCC_C_LANGUAGE_STANDARD = gnu11;
				GCC_DYNAMIC_NO_PIC = NO;
				GCC_NO_COMMON_BLOCKS = YES;
				GCC_OPTIMIZATION_LEVEL = 0;
				GCC_PREPROCESSOR_DEFINITIONS = (
					"DEBUG=1",
					"$(inherited)",
				);
				GCC_WARN_64_TO_32_BIT_CONVERSION = YES;
				GCC_WARN_ABOUT_RETURN_TYPE = YES_ERROR;
				GCC_WARN_UNDECLARED_SELECTOR = YES;
				GCC_WARN_UNINITIALIZED_AUTOS = YES_AGGRESSIVE;
				GCC_WARN_UNUSED_FUNCTION = YES;
				GCC_WARN_UNUSED_VARIABLE = YES;
				IPHONEOS_DEPLOYMENT_TARGET = 11.0;
				MTL_ENABLE_DEBUG_INFO = YES;
				ONLY_ACTIVE_ARCH = YES;
				SDKROOT = iphoneos;
				SWIFT_ACTIVE_COMPILATION_CONDITIONS = DEBUG;
				SWIFT_OPTIMIZATION_LEVEL = "-Onone";
			};
			name = Debug;
		};
		27A500181F92F2DC0050AACF /* Release */ = {
			isa = XCBuildConfiguration;
			buildSettings = {
				ALWAYS_SEARCH_USER_PATHS = NO;
				CLANG_ANALYZER_NONNULL = YES;
				CLANG_ANALYZER_NUMBER_OBJECT_CONVERSION = YES_AGGRESSIVE;
				CLANG_CXX_LANGUAGE_STANDARD = "gnu++14";
				CLANG_CXX_LIBRARY = "libc++";
				CLANG_ENABLE_MODULES = YES;
				CLANG_ENABLE_OBJC_ARC = YES;
				CLANG_WARN_BLOCK_CAPTURE_AUTORELEASING = YES;
				CLANG_WARN_BOOL_CONVERSION = YES;
				CLANG_WARN_COMMA = YES;
				CLANG_WARN_CONSTANT_CONVERSION = YES;
				CLANG_WARN_DIRECT_OBJC_ISA_USAGE = YES_ERROR;
				CLANG_WARN_DOCUMENTATION_COMMENTS = YES;
				CLANG_WARN_EMPTY_BODY = YES;
				CLANG_WARN_ENUM_CONVERSION = YES;
				CLANG_WARN_INFINITE_RECURSION = YES;
				CLANG_WARN_INT_CONVERSION = YES;
				CLANG_WARN_NON_LITERAL_NULL_CONVERSION = YES;
				CLANG_WARN_OBJC_LITERAL_CONVERSION = YES;
				CLANG_WARN_OBJC_ROOT_CLASS = YES_ERROR;
				CLANG_WARN_RANGE_LOOP_ANALYSIS = YES;
				CLANG_WARN_STRICT_PROTOTYPES = YES;
				CLANG_WARN_SUSPICIOUS_MOVE = YES;
				CLANG_WARN_UNGUARDED_AVAILABILITY = YES_AGGRESSIVE;
				CLANG_WARN_UNREACHABLE_CODE = YES;
				CLANG_WARN__DUPLICATE_METHOD_MATCH = YES;
				CODE_SIGN_IDENTITY = "iPhone Developer";
				COPY_PHASE_STRIP = NO;
				DEBUG_INFORMATION_FORMAT = "dwarf-with-dsym";
				ENABLE_NS_ASSERTIONS = NO;
				ENABLE_STRICT_OBJC_MSGSEND = YES;
				GCC_C_LANGUAGE_STANDARD = gnu11;
				GCC_NO_COMMON_BLOCKS = YES;
				GCC_WARN_64_TO_32_BIT_CONVERSION = YES;
				GCC_WARN_ABOUT_RETURN_TYPE = YES_ERROR;
				GCC_WARN_UNDECLARED_SELECTOR = YES;
				GCC_WARN_UNINITIALIZED_AUTOS = YES_AGGRESSIVE;
				GCC_WARN_UNUSED_FUNCTION = YES;
				GCC_WARN_UNUSED_VARIABLE = YES;
				IPHONEOS_DEPLOYMENT_TARGET = 11.0;
				MTL_ENABLE_DEBUG_INFO = NO;
				SDKROOT = iphoneos;
				SWIFT_OPTIMIZATION_LEVEL = "-Owholemodule";
				VALIDATE_PRODUCT = YES;
			};
			name = Release;
		};
		27A5001A1F92F2DC0050AACF /* Debug */ = {
			isa = XCBuildConfiguration;
			baseConfigurationReference = 3B00F1F51745FEA3E2DC42C6 /* Pods-Bear.debug.xcconfig */;
			buildSettings = {
				ASSETCATALOG_COMPILER_APPICON_NAME = AppIcon;
				CODE_SIGN_STYLE = Automatic;
				DEVELOPMENT_TEAM = FEW6T6TFJQ;
				INFOPLIST_FILE = Bear/Info.plist;
				LD_RUNPATH_SEARCH_PATHS = "$(inherited) @executable_path/Frameworks";
				PRODUCT_BUNDLE_IDENTIFIER = "chengen-zheng.Bear";
				PRODUCT_NAME = "$(TARGET_NAME)";
				SWIFT_VERSION = 4.0;
				TARGETED_DEVICE_FAMILY = "1,2";
			};
			name = Debug;
		};
		27A5001B1F92F2DC0050AACF /* Release */ = {
			isa = XCBuildConfiguration;
			baseConfigurationReference = D5C2F3E72A0832E5858F5922 /* Pods-Bear.release.xcconfig */;
			buildSettings = {
				ASSETCATALOG_COMPILER_APPICON_NAME = AppIcon;
				CODE_SIGN_STYLE = Automatic;
				DEVELOPMENT_TEAM = FEW6T6TFJQ;
				INFOPLIST_FILE = Bear/Info.plist;
				LD_RUNPATH_SEARCH_PATHS = "$(inherited) @executable_path/Frameworks";
				PRODUCT_BUNDLE_IDENTIFIER = "chengen-zheng.Bear";
				PRODUCT_NAME = "$(TARGET_NAME)";
				SWIFT_VERSION = 4.0;
				TARGETED_DEVICE_FAMILY = "1,2";
			};
			name = Release;
		};
		27A5001D1F92F2DC0050AACF /* Debug */ = {
			isa = XCBuildConfiguration;
			buildSettings = {
				ALWAYS_EMBED_SWIFT_STANDARD_LIBRARIES = YES;
				BUNDLE_LOADER = "$(TEST_HOST)";
				CODE_SIGN_STYLE = Automatic;
				INFOPLIST_FILE = BearTests/Info.plist;
				LD_RUNPATH_SEARCH_PATHS = "$(inherited) @executable_path/Frameworks @loader_path/Frameworks";
				PRODUCT_BUNDLE_IDENTIFIER = "chengen-zheng.BearTests";
				PRODUCT_NAME = "$(TARGET_NAME)";
				SWIFT_VERSION = 4.0;
				TARGETED_DEVICE_FAMILY = "1,2";
				TEST_HOST = "$(BUILT_PRODUCTS_DIR)/Bear.app/Bear";
			};
			name = Debug;
		};
		27A5001E1F92F2DC0050AACF /* Release */ = {
			isa = XCBuildConfiguration;
			buildSettings = {
				ALWAYS_EMBED_SWIFT_STANDARD_LIBRARIES = YES;
				BUNDLE_LOADER = "$(TEST_HOST)";
				CODE_SIGN_STYLE = Automatic;
				INFOPLIST_FILE = BearTests/Info.plist;
				LD_RUNPATH_SEARCH_PATHS = "$(inherited) @executable_path/Frameworks @loader_path/Frameworks";
				PRODUCT_BUNDLE_IDENTIFIER = "chengen-zheng.BearTests";
				PRODUCT_NAME = "$(TARGET_NAME)";
				SWIFT_VERSION = 4.0;
				TARGETED_DEVICE_FAMILY = "1,2";
				TEST_HOST = "$(BUILT_PRODUCTS_DIR)/Bear.app/Bear";
			};
			name = Release;
		};
		27A500201F92F2DC0050AACF /* Debug */ = {
			isa = XCBuildConfiguration;
			buildSettings = {
				ALWAYS_EMBED_SWIFT_STANDARD_LIBRARIES = YES;
				CODE_SIGN_STYLE = Automatic;
				INFOPLIST_FILE = BearUITests/Info.plist;
				LD_RUNPATH_SEARCH_PATHS = "$(inherited) @executable_path/Frameworks @loader_path/Frameworks";
				PRODUCT_BUNDLE_IDENTIFIER = "chengen-zheng.BearUITests";
				PRODUCT_NAME = "$(TARGET_NAME)";
				SWIFT_VERSION = 4.0;
				TARGETED_DEVICE_FAMILY = "1,2";
				TEST_TARGET_NAME = Bear;
			};
			name = Debug;
		};
		27A500211F92F2DC0050AACF /* Release */ = {
			isa = XCBuildConfiguration;
			buildSettings = {
				ALWAYS_EMBED_SWIFT_STANDARD_LIBRARIES = YES;
				CODE_SIGN_STYLE = Automatic;
				INFOPLIST_FILE = BearUITests/Info.plist;
				LD_RUNPATH_SEARCH_PATHS = "$(inherited) @executable_path/Frameworks @loader_path/Frameworks";
				PRODUCT_BUNDLE_IDENTIFIER = "chengen-zheng.BearUITests";
				PRODUCT_NAME = "$(TARGET_NAME)";
				SWIFT_VERSION = 4.0;
				TARGETED_DEVICE_FAMILY = "1,2";
				TEST_TARGET_NAME = Bear;
			};
			name = Release;
		};
/* End XCBuildConfiguration section */

/* Begin XCConfigurationList section */
		27A500191F92F2DC0050AACF /* Build configuration list for PBXNativeTarget "Bear" */ = {
			isa = XCConfigurationList;
			buildConfigurations = (
				27A5001A1F92F2DC0050AACF /* Debug */,
				27A5001B1F92F2DC0050AACF /* Release */,
			);
			defaultConfigurationIsVisible = 0;
			defaultConfigurationName = Release;
		};
		27A5001C1F92F2DC0050AACF /* Build configuration list for PBXNativeTarget "BearTests" */ = {
			isa = XCConfigurationList;
			buildConfigurations = (
				27A5001D1F92F2DC0050AACF /* Debug */,
				27A5001E1F92F2DC0050AACF /* Release */,
			);
			defaultConfigurationIsVisible = 0;
			defaultConfigurationName = Release;
		};
		27A5001F1F92F2DC0050AACF /* Build configuration list for PBXNativeTarget "BearUITests" */ = {
			isa = XCConfigurationList;
			buildConfigurations = (
				27A500201F92F2DC0050AACF /* Debug */,
				27A500211F92F2DC0050AACF /* Release */,
			);
			defaultConfigurationIsVisible = 0;
			defaultConfigurationName = Release;
		};
		27A5FFEC1F92F2DB0050AACF /* Build configuration list for PBXProject "Bear" */ = {
			isa = XCConfigurationList;
			buildConfigurations = (
				27A500171F92F2DC0050AACF /* Debug */,
				27A500181F92F2DC0050AACF /* Release */,
			);
			defaultConfigurationIsVisible = 0;
			defaultConfigurationName = Release;
		};
/* End XCConfigurationList section */
	};
	rootObject = 27A5FFE91F92F2DB0050AACF /* Project object */;
}
